schema: '2.0'
stages:
  scrap:
    cmd: python3 scripts/scrap.py
    deps:
    - path: scripts/scrap.py
      md5: 317630bbbe0d6d0b255e2f85f4812f89
      size: 556
    params:
      params.yaml:
        scrap.crawler_settings: scraper.jobboard.settings
    outs:
    - path: data/raw/bulldogjob.json
      md5: f323ffdd9d5d8d0a139ac17cb7e70197
      size: 66358
      isexec: true
