schema: '2.0'
stages:
  scrap:
    cmd: python3 scripts/scrap.py
    deps:
    - path: scripts/scrap.py
      md5: 317630bbbe0d6d0b255e2f85f4812f89
      size: 556
    params:
      params.yaml:
        scrap.crawler_settings: scraper.jobboard.settings
    outs:
    - path: data/raw/bulldogjob.json
      md5: cab018d4771dc7ae8ceede287066f589
      size: 68444
      isexec: true
